
Microsoft Visual Studio Solution File, Format Version 12.00
# Visual Studio Version 17
VisualStudioVersion = 17.0.31903.59
MinimumVisualStudioVersion = 10.0.40219.1
Project("{FAE04EC0-301F-11D3-BF4B-00C04F79EFBC}") = "IGSPharma.Domain", "IGSPharma.Domain\IGSPharma.Domain.csproj", "{978E8909-7A64-4239-B5F9-184CB944914D}"
EndProject
Project("{FAE04EC0-301F-11D3-BF4B-00C04F79EFBC}") = "IGSPharma.Application", "IGSPharma.Application\IGSPharma.Application.csproj", "{A05A7DA1-9E63-4588-9EB8-6B88ABFD7CF2}"
EndProject
Project("{FAE04EC0-301F-11D3-BF4B-00C04F79EFBC}") = "IGSPharma.Infrastructure", "IGSPharma.Infrastructure\IGSPharma.Infrastructure.csproj", "{0E048F85-9640-4F2E-A197-798A05AB984A}"
EndProject
Project("{FAE04EC0-301F-11D3-BF4B-00C04F79EFBC}") = "IGSPharma.API", "IGSPharma.API\IGSPharma.API.csproj", "{55DE6E41-3E5C-409A-8688-2AFEA8156BD8}"
EndProject
Global
	GlobalSection(SolutionConfigurationPlatforms) = preSolution
		Debug|Any CPU = Debug|Any CPU
		Debug|x64 = Debug|x64
		Debug|x86 = Debug|x86
		Release|Any CPU = Release|Any CPU
		Release|x64 = Release|x64
		Release|x86 = Release|x86
	EndGlobalSection
	GlobalSection(ProjectConfigurationPlatforms) = postSolution
		{978E8909-7A64-4239-B5F9-184CB944914D}.Debug|Any CPU.ActiveCfg = Debug|Any CPU
		{978E8909-7A64-4239-B5F9-184CB944914D}.Debug|Any CPU.Build.0 = Debug|Any CPU
		{978E8909-7A64-4239-B5F9-184CB944914D}.Debug|x64.ActiveCfg = Debug|Any CPU
		{978E8909-7A64-4239-B5F9-184CB944914D}.Debug|x64.Build.0 = Debug|Any CPU
		{978E8909-7A64-4239-B5F9-184CB944914D}.Debug|x86.ActiveCfg = Debug|Any CPU
		{978E8909-7A64-4239-B5F9-184CB944914D}.Debug|x86.Build.0 = Debug|Any CPU
		{978E8909-7A64-4239-B5F9-184CB944914D}.Release|Any CPU.ActiveCfg = Release|Any CPU
		{978E8909-7A64-4239-B5F9-184CB944914D}.Release|Any CPU.Build.0 = Release|Any CPU
		{978E8909-7A64-4239-B5F9-184CB944914D}.Release|x64.ActiveCfg = Release|Any CPU
		{978E8909-7A64-4239-B5F9-184CB944914D}.Release|x64.Build.0 = Release|Any CPU
		{978E8909-7A64-4239-B5F9-184CB944914D}.Release|x86.ActiveCfg = Release|Any CPU
		{978E8909-7A64-4239-B5F9-184CB944914D}.Release|x86.Build.0 = Release|Any CPU
		{A05A7DA1-9E63-4588-9EB8-6B88ABFD7CF2}.Debug|Any CPU.ActiveCfg = Debug|Any CPU
		{A05A7DA1-9E63-4588-9EB8-6B88ABFD7CF2}.Debug|Any CPU.Build.0 = Debug|Any CPU
		{A05A7DA1-9E63-4588-9EB8-6B88ABFD7CF2}.Debug|x64.ActiveCfg = Debug|Any CPU
		{A05A7DA1-9E63-4588-9EB8-6B88ABFD7CF2}.Debug|x64.Build.0 = Debug|Any CPU
		{A05A7DA1-9E63-4588-9EB8-6B88ABFD7CF2}.Debug|x86.ActiveCfg = Debug|Any CPU
		{A05A7DA1-9E63-4588-9EB8-6B88ABFD7CF2}.Debug|x86.Build.0 = Debug|Any CPU
		{A05A7DA1-9E63-4588-9EB8-6B88ABFD7CF2}.Release|Any CPU.ActiveCfg = Release|Any CPU
		{A05A7DA1-9E63-4588-9EB8-6B88ABFD7CF2}.Release|Any CPU.Build.0 = Release|Any CPU
		{A05A7DA1-9E63-4588-9EB8-6B88ABFD7CF2}.Release|x64.ActiveCfg = Release|Any CPU
		{A05A7DA1-9E63-4588-9EB8-6B88ABFD7CF2}.Release|x64.Build.0 = Release|Any CPU
		{A05A7DA1-9E63-4588-9EB8-6B88ABFD7CF2}.Release|x86.ActiveCfg = Release|Any CPU
		{A05A7DA1-9E63-4588-9EB8-6B88ABFD7CF2}.Release|x86.Build.0 = Release|Any CPU
		{0E048F85-9640-4F2E-A197-798A05AB984A}.Debug|Any CPU.ActiveCfg = Debug|Any CPU
		{0E048F85-9640-4F2E-A197-798A05AB984A}.Debug|Any CPU.Build.0 = Debug|Any CPU
		{0E048F85-9640-4F2E-A197-798A05AB984A}.Debug|x64.ActiveCfg = Debug|Any CPU
		{0E048F85-9640-4F2E-A197-798A05AB984A}.Debug|x64.Build.0 = Debug|Any CPU
		{0E048F85-9640-4F2E-A197-798A05AB984A}.Debug|x86.ActiveCfg = Debug|Any CPU
		{0E048F85-9640-4F2E-A197-798A05AB984A}.Debug|x86.Build.0 = Debug|Any CPU
		{0E048F85-9640-4F2E-A197-798A05AB984A}.Release|Any CPU.ActiveCfg = Release|Any CPU
		{0E048F85-9640-4F2E-A197-798A05AB984A}.Release|Any CPU.Build.0 = Release|Any CPU
		{0E048F85-9640-4F2E-A197-798A05AB984A}.Release|x64.ActiveCfg = Release|Any CPU
		{0E048F85-9640-4F2E-A197-798A05AB984A}.Release|x64.Build.0 = Release|Any CPU
		{0E048F85-9640-4F2E-A197-798A05AB984A}.Release|x86.ActiveCfg = Release|Any CPU
		{0E048F85-9640-4F2E-A197-798A05AB984A}.Release|x86.Build.0 = Release|Any CPU
		{55DE6E41-3E5C-409A-8688-2AFEA8156BD8}.Debug|Any CPU.ActiveCfg = Debug|Any CPU
		{55DE6E41-3E5C-409A-8688-2AFEA8156BD8}.Debug|Any CPU.Build.0 = Debug|Any CPU
		{55DE6E41-3E5C-409A-8688-2AFEA8156BD8}.Debug|x64.ActiveCfg = Debug|Any CPU
		{55DE6E41-3E5C-409A-8688-2AFEA8156BD8}.Debug|x64.Build.0 = Debug|Any CPU
		{55DE6E41-3E5C-409A-8688-2AFEA8156BD8}.Debug|x86.ActiveCfg = Debug|Any CPU
		{55DE6E41-3E5C-409A-8688-2AFEA8156BD8}.Debug|x86.Build.0 = Debug|Any CPU
		{55DE6E41-3E5C-409A-8688-2AFEA8156BD8}.Release|Any CPU.ActiveCfg = Release|Any CPU
		{55DE6E41-3E5C-409A-8688-2AFEA8156BD8}.Release|Any CPU.Build.0 = Release|Any CPU
		{55DE6E41-3E5C-409A-8688-2AFEA8156BD8}.Release|x64.ActiveCfg = Release|Any CPU
		{55DE6E41-3E5C-409A-8688-2AFEA8156BD8}.Release|x64.Build.0 = Release|Any CPU
		{55DE6E41-3E5C-409A-8688-2AFEA8156BD8}.Release|x86.ActiveCfg = Release|Any CPU
		{55DE6E41-3E5C-409A-8688-2AFEA8156BD8}.Release|x86.Build.0 = Release|Any CPU
	EndGlobalSection
	GlobalSection(SolutionProperties) = preSolution
		HideSolutionNode = FALSE
	EndGlobalSection
EndGlobal
